
Microsoft Visual Studio Solution File, Format Version 12.00
# Visual Studio Version 16
VisualStudioVersion = 16.0.31702.278
MinimumVisualStudioVersion = 10.0.40219.1
Project("{FAE04EC0-301F-11D3-BF4B-00C04F79EFBC}") = "TarasDzivikPetProject", "TarasDzivikPetProject.csproj", "{0A08EF5A-DCD0-4469-AAD1-C420F8D5048B}"
EndProject
Global
	GlobalSection(SolutionConfigurationPlatforms) = preSolution
		Debug|Any CPU = Debug|Any CPU
		Release|Any CPU = Release|Any CPU
	EndGlobalSection
	GlobalSection(ProjectConfigurationPlatforms) = postSolution
		{0A08EF5A-DCD0-4469-AAD1-C420F8D5048B}.Debug|Any CPU.ActiveCfg = Debug|Any CPU
		{0A08EF5A-DCD0-4469-AAD1-C420F8D5048B}.Debug|Any CPU.Build.0 = Debug|Any CPU
		{0A08EF5A-DCD0-4469-AAD1-C420F8D5048B}.Release|Any CPU.ActiveCfg = Release|Any CPU
		{0A08EF5A-DCD0-4469-AAD1-C420F8D5048B}.Release|Any CPU.Build.0 = Release|Any CPU
	EndGlobalSection
	GlobalSection(SolutionProperties) = preSolution
		HideSolutionNode = FALSE
	EndGlobalSection
	GlobalSection(ExtensibilityGlobals) = postSolution
		SolutionGuid = {EDB526F7-48E6-4C53-BAA0-9E2DE913348E}
	EndGlobalSection
EndGlobal
